<?xml version="1.0" encoding="utf-8"?>
<Project ToolsVersion="4.0" xmlns="http://schemas.microsoft.com/developer/msbuild/2003">
  <ItemGroup>
    <Filter Include="Source Files">
      <UniqueIdentifier>{4FC737F1-C7A5-4376-A066-2A32D752A2FF}</UniqueIdentifier>
      <Extensions>cpp;c;cc;cxx;def;odl;idl;hpj;bat;asm;asmx</Extensions>
    </Filter>
    <Filter Include="Header Files">
      <UniqueIdentifier>{93995380-89BD-4b04-88EB-625FBE52EBFB}</UniqueIdentifier>
      <Extensions>h;hh;hpp;hxx;hm;inl;inc;xsd</Extensions>
    </Filter>
    <Filter Include="Resource Files">
      <UniqueIdentifier>{67DA6AB6-F800-4c08-8B7A-83BB121AAD01}</UniqueIdentifier>
      <Extensions>rc;ico;cur;bmp;dlg;rc2;rct;bin;rgs;gif;jpg;jpeg;jpe;resx;tiff;tif;png;wav;mfcribbon-ms</Extensions>
    </Filter>
    <Filter Include="Shaders">
      <UniqueIdentifier>{c4d4e304-2130-4041-a701-97ed5a5d8015}</UniqueIdentifier>
    </Filter>
    <Filter Include="Networking">
      <UniqueIdentifier>{0ad17408-bccf-4de2-9630-641fdc27659e}</UniqueIdentifier>
    </Filter>
    <Filter Include="Entities">
      <UniqueIdentifier>{a83deef4-ed14-428c-9bf2-83015a7246f6}</UniqueIdentifier>
    </Filter>
    <Filter Include="Menu">
      <UniqueIdentifier>{2fbf19a3-60c1-4279-87e9-2c54b797fca3}</UniqueIdentifier>
    </Filter>
    <Filter Include="Graphics">
      <UniqueIdentifier>{eb05aed9-06a1-4e53-b579-c4da38e9f641}</UniqueIdentifier>
    </Filter>
  </ItemGroup>
  <ItemGroup>
    <ClCompile Include="main.cpp">
      <Filter>Source Files</Filter>
    </ClCompile>
    <ClCompile Include="Engine.cpp">
      <Filter>Source Files</Filter>
    </ClCompile>
    <ClCompile Include="InputController.cpp">
      <Filter>Source Files</Filter>
    </ClCompile>
    <ClCompile Include="Texture.cpp">
      <Filter>Source Files</Filter>
    </ClCompile>
    <ClCompile Include="Shader.cpp">
      <Filter>Shaders</Filter>
    </ClCompile>
    <ClCompile Include="TextureShader.cpp">
      <Filter>Shaders</Filter>
    </ClCompile>
    <ClCompile Include="ProceduralTerrain.cpp">
      <Filter>Source Files</Filter>
    </ClCompile>
    <ClCompile Include="ProceduralTerrainShader.cpp">
      <Filter>Shaders</Filter>
    </ClCompile>
    <ClCompile Include="NetworkController.cpp">
      <Filter>Networking</Filter>
    </ClCompile>
    <ClCompile Include="NetworkClient.cpp">
      <Filter>Networking</Filter>
    </ClCompile>
    <ClCompile Include="NetworkServer.cpp">
      <Filter>Networking</Filter>
    </ClCompile>
    <ClCompile Include="Entity.cpp">
      <Filter>Entities</Filter>
    </ClCompile>
    <ClCompile Include="Camera.cpp">
      <Filter>Entities</Filter>
    </ClCompile>
    <ClCompile Include="EntityModel.cpp">
      <Filter>Entities</Filter>
    </ClCompile>
    <ClCompile Include="Bitmap.cpp">
      <Filter>Menu</Filter>
    </ClCompile>
    <ClCompile Include="GraphicsController.cpp">
      <Filter>Graphics</Filter>
    </ClCompile>
    <ClCompile Include="Light.cpp">
      <Filter>Graphics</Filter>
    </ClCompile>
    <ClCompile Include="RenderController.cpp">
      <Filter>Graphics</Filter>
    </ClCompile>
    <ClCompile Include="PhysicsEntity.cpp">
      <Filter>Entities</Filter>
    </ClCompile>
    <ClCompile Include="ObjFileUtility.cpp">
      <Filter>Entities</Filter>
    </ClCompile>
  </ItemGroup>
  <ItemGroup>
    <ClInclude Include="Engine.h">
      <Filter>Header Files</Filter>
    </ClInclude>
    <ClInclude Include="InputController.h">
      <Filter>Header Files</Filter>
    </ClInclude>
    <ClInclude Include="Texture.h">
      <Filter>Header Files</Filter>
    </ClInclude>
    <ClInclude Include="LoadObjFile.h">
      <Filter>Header Files</Filter>
    </ClInclude>
    <ClInclude Include="Shader.h">
      <Filter>Shaders</Filter>
    </ClInclude>
    <ClInclude Include="TextureShader.h">
      <Filter>Shaders</Filter>
    </ClInclude>
    <ClInclude Include="ProceduralTerrain.h">
      <Filter>Header Files</Filter>
    </ClInclude>
    <ClInclude Include="ProceduralTerrainShader.h">
      <Filter>Shaders</Filter>
    </ClInclude>
    <ClInclude Include="NetworkController.h">
      <Filter>Networking</Filter>
    </ClInclude>
    <ClInclude Include="NetworkClient.h">
      <Filter>Networking</Filter>
    </ClInclude>
    <ClInclude Include="NetworkServer.h">
      <Filter>Networking</Filter>
    </ClInclude>
    <ClInclude Include="NetworkDefinitions.h">
      <Filter>Networking</Filter>
    </ClInclude>
    <ClInclude Include="Camera.h">
      <Filter>Entities</Filter>
    </ClInclude>
    <ClInclude Include="Entity.h">
      <Filter>Entities</Filter>
    </ClInclude>
    <ClInclude Include="EntityModel.h">
      <Filter>Entities</Filter>
    </ClInclude>
    <ClInclude Include="Bitmap.h">
      <Filter>Menu</Filter>
    </ClInclude>
    <ClInclude Include="GraphicsController.h">
      <Filter>Graphics</Filter>
    </ClInclude>
    <ClInclude Include="Light.h">
      <Filter>Graphics</Filter>
    </ClInclude>
    <ClInclude Include="RenderController.h">
      <Filter>Graphics</Filter>
    </ClInclude>
    <ClInclude Include="PhysicsEntity.h">
      <Filter>Entities</Filter>
    </ClInclude>
    <ClInclude Include="ObjFileUtility.h">
      <Filter>Entities</Filter>
    </ClInclude>
  </ItemGroup>
  <ItemGroup>
    <None Include="texture.vs">
      <Filter>Shaders</Filter>
    </None>
    <None Include="Specular.ps">
      <Filter>Shaders</Filter>
    </None>
    <None Include="texture.ps">
      <Filter>Shaders</Filter>
    </None>
    <None Include="proceduralTerrainVertexShader.vs">
      <Filter>Shaders</Filter>
    </None>
  </ItemGroup>
  <ItemGroup>
    <Text Include="Cube.txt">
      <Filter>Resource Files</Filter>
    </Text>
    <Text Include="config.txt">
      <Filter>Resource Files</Filter>
    </Text>
  </ItemGroup>
  <ItemGroup>
    <Object Include="Boat.obj">
      <Filter>Resource Files</Filter>
    </Object>
  </ItemGroup>
</Project>