<?xml version="1.0" encoding="utf-8"?>
<Project ToolsVersion="4.0" xmlns="http://schemas.microsoft.com/developer/msbuild/2003">
  <ItemGroup>
    <Filter Include="Resource Files">
      <UniqueIdentifier>{67DA6AB6-F800-4c08-8B7A-83BB121AAD01}</UniqueIdentifier>
      <Extensions>rc;ico;cur;bmp;dlg;rc2;rct;bin;rgs;gif;jpg;jpeg;jpe;resx;tiff;tif;png;wav;mfcribbon-ms</Extensions>
    </Filter>
    <Filter Include="GameEngine">
      <UniqueIdentifier>{26b5d8c0-2bbf-41a3-a683-30f14f0e7034}</UniqueIdentifier>
    </Filter>
    <Filter Include="GameEngine\Entities">
      <UniqueIdentifier>{a83deef4-ed14-428c-9bf2-83015a7246f6}</UniqueIdentifier>
    </Filter>
    <Filter Include="GameEngine\Entities\Terrain">
      <UniqueIdentifier>{99666ca6-9321-49a7-8a1d-f2b11bf9b51a}</UniqueIdentifier>
    </Filter>
    <Filter Include="GameEngine\Graphics">
      <UniqueIdentifier>{eb05aed9-06a1-4e53-b579-c4da38e9f641}</UniqueIdentifier>
    </Filter>
    <Filter Include="GameEngine\Networking">
      <UniqueIdentifier>{0ad17408-bccf-4de2-9630-641fdc27659e}</UniqueIdentifier>
    </Filter>
    <Filter Include="GameEngine\Graphics\Shaders">
      <UniqueIdentifier>{c4d4e304-2130-4041-a701-97ed5a5d8015}</UniqueIdentifier>
    </Filter>
    <Filter Include="GameEngine\Core">
      <UniqueIdentifier>{a77ca758-55c9-49de-bf9d-2cc177b17786}</UniqueIdentifier>
    </Filter>
    <Filter Include="GameEngine\Entities\EntityModel">
      <UniqueIdentifier>{aa19d7be-f73e-4299-95fb-cb975414b30a}</UniqueIdentifier>
    </Filter>
    <Filter Include="GameEngine\Core\Game">
      <UniqueIdentifier>{39bbb565-6aab-4051-9d92-ab5b5006dc1e}</UniqueIdentifier>
    </Filter>
    <Filter Include="GameEngine\2D">
      <UniqueIdentifier>{2fbf19a3-60c1-4279-87e9-2c54b797fca3}</UniqueIdentifier>
    </Filter>
    <Filter Include="GameEngine\Core\Physics">
      <UniqueIdentifier>{666f5a25-e343-411e-a5f6-346bd4d27861}</UniqueIdentifier>
    </Filter>
  </ItemGroup>
  <ItemGroup>
    <ClCompile Include="Shader.cpp">
      <Filter>GameEngine\Graphics\Shaders</Filter>
    </ClCompile>
    <ClCompile Include="TextureShader.cpp">
      <Filter>GameEngine\Graphics\Shaders</Filter>
    </ClCompile>
    <ClCompile Include="ProceduralTerrainShader.cpp">
      <Filter>GameEngine\Graphics\Shaders</Filter>
    </ClCompile>
    <ClCompile Include="NetworkController.cpp">
      <Filter>GameEngine\Networking</Filter>
    </ClCompile>
    <ClCompile Include="NetworkClient.cpp">
      <Filter>GameEngine\Networking</Filter>
    </ClCompile>
    <ClCompile Include="NetworkServer.cpp">
      <Filter>GameEngine\Networking</Filter>
    </ClCompile>
    <ClCompile Include="Entity.cpp">
      <Filter>GameEngine\Entities</Filter>
    </ClCompile>
    <ClCompile Include="Camera.cpp">
      <Filter>GameEngine\Entities</Filter>
    </ClCompile>
    <ClCompile Include="Bitmap.cpp">
      <Filter>GameEngine\2D</Filter>
    </ClCompile>
    <ClCompile Include="GraphicsController.cpp">
      <Filter>GameEngine\Graphics</Filter>
    </ClCompile>
    <ClCompile Include="Light.cpp">
      <Filter>GameEngine\Graphics</Filter>
    </ClCompile>
    <ClCompile Include="RenderController.cpp">
      <Filter>GameEngine\Graphics</Filter>
    </ClCompile>
    <ClCompile Include="PhysicsEntity.cpp">
      <Filter>GameEngine\Entities</Filter>
    </ClCompile>
    <ClCompile Include="ObjFileUtility.cpp">
      <Filter>GameEngine\Entities</Filter>
    </ClCompile>
    <ClCompile Include="NetworkSyncController.cpp">
      <Filter>GameEngine\Networking</Filter>
    </ClCompile>
    <ClCompile Include="ProceduralTerrain.cpp">
      <Filter>GameEngine\Entities\Terrain</Filter>
    </ClCompile>
    <ClCompile Include="InputController.cpp">
      <Filter>GameEngine\Core</Filter>
    </ClCompile>
    <ClCompile Include="Texture.cpp">
      <Filter>GameEngine\Graphics</Filter>
    </ClCompile>
    <ClCompile Include="Terrain.cpp">
      <Filter>GameEngine\Entities\Terrain</Filter>
    </ClCompile>
    <ClCompile Include="EntityModel.cpp">
      <Filter>GameEngine\Entities\EntityModel</Filter>
    </ClCompile>
    <ClCompile Include="raytriangle.cpp">
      <Filter>GameEngine\Entities\EntityModel</Filter>
    </ClCompile>
    <ClCompile Include="Engine.cpp">
      <Filter>GameEngine\Core\Game</Filter>
    </ClCompile>
    <ClCompile Include="main.cpp">
      <Filter>GameEngine\Core\Game</Filter>
    </ClCompile>
    <ClCompile Include="Physics.cpp">
      <Filter>GameEngine\Core\Physics</Filter>
    </ClCompile>
    <ClCompile Include="PlayerEntity.cpp">
      <Filter>GameEngine\Entities</Filter>
    </ClCompile>
  </ItemGroup>
  <ItemGroup>
    <ClInclude Include="Shader.h">
      <Filter>GameEngine\Graphics\Shaders</Filter>
    </ClInclude>
    <ClInclude Include="TextureShader.h">
      <Filter>GameEngine\Graphics\Shaders</Filter>
    </ClInclude>
    <ClInclude Include="ProceduralTerrainShader.h">
      <Filter>GameEngine\Graphics\Shaders</Filter>
    </ClInclude>
    <ClInclude Include="NetworkController.h">
      <Filter>GameEngine\Networking</Filter>
    </ClInclude>
    <ClInclude Include="NetworkClient.h">
      <Filter>GameEngine\Networking</Filter>
    </ClInclude>
    <ClInclude Include="NetworkServer.h">
      <Filter>GameEngine\Networking</Filter>
    </ClInclude>
    <ClInclude Include="NetworkDefinitions.h">
      <Filter>GameEngine\Networking</Filter>
    </ClInclude>
    <ClInclude Include="Camera.h">
      <Filter>GameEngine\Entities</Filter>
    </ClInclude>
    <ClInclude Include="Entity.h">
      <Filter>GameEngine\Entities</Filter>
    </ClInclude>
    <ClInclude Include="Bitmap.h">
      <Filter>GameEngine\2D</Filter>
    </ClInclude>
    <ClInclude Include="GraphicsController.h">
      <Filter>GameEngine\Graphics</Filter>
    </ClInclude>
    <ClInclude Include="Light.h">
      <Filter>GameEngine\Graphics</Filter>
    </ClInclude>
    <ClInclude Include="RenderController.h">
      <Filter>GameEngine\Graphics</Filter>
    </ClInclude>
    <ClInclude Include="PhysicsEntity.h">
      <Filter>GameEngine\Entities</Filter>
    </ClInclude>
    <ClInclude Include="ObjFileUtility.h">
      <Filter>GameEngine\Entities</Filter>
    </ClInclude>
    <ClInclude Include="NetworkSyncController.h">
      <Filter>GameEngine\Networking</Filter>
    </ClInclude>
    <ClInclude Include="ProceduralTerrain.h">
      <Filter>GameEngine\Entities\Terrain</Filter>
    </ClInclude>
    <ClInclude Include="InputController.h">
      <Filter>GameEngine\Core</Filter>
    </ClInclude>
    <ClInclude Include="Texture.h">
      <Filter>GameEngine\Graphics</Filter>
    </ClInclude>
    <ClInclude Include="Terrain.h">
      <Filter>GameEngine\Entities\Terrain</Filter>
    </ClInclude>
    <ClInclude Include="EntityModel.h">
      <Filter>GameEngine\Entities\EntityModel</Filter>
    </ClInclude>
    <ClInclude Include="raytriangle.h">
      <Filter>GameEngine\Entities\EntityModel</Filter>
    </ClInclude>
    <ClInclude Include="Engine.h">
      <Filter>GameEngine\Core\Game</Filter>
    </ClInclude>
    <ClInclude Include="Physics.h">
      <Filter>GameEngine\Core\Physics</Filter>
    </ClInclude>
    <ClInclude Include="PhysicsDefs.h">
      <Filter>GameEngine\Core\Physics</Filter>
    </ClInclude>
    <ClInclude Include="PlayerEntity.h">
      <Filter>GameEngine\Entities</Filter>
    </ClInclude>
  </ItemGroup>
  <ItemGroup>
    <None Include="texture.vs">
      <Filter>GameEngine\Graphics\Shaders</Filter>
    </None>
    <None Include="Specular.ps">
      <Filter>GameEngine\Graphics\Shaders</Filter>
    </None>
    <None Include="texture.ps">
      <Filter>GameEngine\Graphics\Shaders</Filter>
    </None>
    <None Include="proceduralTerrainVertexShader.vs">
      <Filter>GameEngine\Graphics\Shaders</Filter>
    </None>
  </ItemGroup>
  <ItemGroup>
    <Text Include="Cube.txt">
      <Filter>Resource Files</Filter>
    </Text>
    <Text Include="config.txt">
      <Filter>Resource Files</Filter>
    </Text>
  </ItemGroup>
</Project>